{
  "pid": 26484,
  "version": "2.1.202",
  "jsonPath": "C:\\Users\\marka\\.claude\\daemon.json",
  "logPath": "C:\\Users\\marka\\.claude\\daemon.log",
  "startedAt": 1783435488620,
  "origin": "transient",
  "spawnedBy": {
    "label": "claude",
    "cwd": "C:\\Users\\marka\\.claude\\muezzin-plugin",
    "pid": 25620
  },
  "procStart": "639190106851793580",
  "launchTarget": "C:\\Users\\marka\\AppData\\Roaming\\npm\\node_modules\\@anthropic-ai\\claude-code\\bin\\claude.exe"
}